<?xml version="1.0" encoding="utf-8"?>
<Project ToolsVersion="4.0" xmlns="http://schemas.microsoft.com/developer/msbuild/2003">
  <ItemGroup>
    <Filter Include="bin">
      <UniqueIdentifier>{56b2f265-d49f-4f61-b1fa-c5db81246184}</UniqueIdentifier>
    </Filter>
    <Filter Include="lib">
      <UniqueIdentifier>{8b14a696-1778-4da5-9fe2-421d1c07a789}</UniqueIdentifier>
    </Filter>
    <Filter Include="src">
      <UniqueIdentifier>{1e80a500-58cf-45cd-8ecb-dcde4f4b1b7f}</UniqueIdentifier>
    </Filter>
    <Filter Include="include">
      <UniqueIdentifier>{7551e7ba-1be3-4b64-83a5-59ae3311a9ea}</UniqueIdentifier>
    </Filter>
    <Filter Include="obj">
      <UniqueIdentifier>{6a13dbe6-cba0-4fd1-8dff-a3fbd64fd3fc}</UniqueIdentifier>
    </Filter>
    <Filter Include="include\GLFW">
      <UniqueIdentifier>{91b2251d-77a5-4f9a-8777-8a6add9fea88}</UniqueIdentifier>
    </Filter>
    <Filter Include="include\glad">
      <UniqueIdentifier>{7aad7d6f-1af4-45f0-8ab0-ac2bfa78956d}</UniqueIdentifier>
    </Filter>
    <Filter Include="include\KHR">
      <UniqueIdentifier>{05f848c1-7923-43db-8617-2ad0b1d0e41c}</UniqueIdentifier>
    </Filter>
    <Filter Include="math">
      <UniqueIdentifier>{877e2993-ed52-46fd-bb93-36b0dac80463}</UniqueIdentifier>
    </Filter>
    <Filter Include="src\math">
      <UniqueIdentifier>{3ff8cb04-097a-418f-9040-9c5da30fc2e9}</UniqueIdentifier>
    </Filter>
    <Filter Include="src\objects">
      <UniqueIdentifier>{2bcd59d7-26a7-4a91-9cea-ba214e32cce6}</UniqueIdentifier>
    </Filter>
  </ItemGroup>
  <ItemGroup>
    <ClInclude Include="include\GLFW\glfw3.h">
      <Filter>include\GLFW</Filter>
    </ClInclude>
    <ClInclude Include="include\GLFW\glfw3native.h">
      <Filter>include\GLFW</Filter>
    </ClInclude>
    <ClInclude Include="include\glad\glad.h">
      <Filter>include\glad</Filter>
    </ClInclude>
    <ClInclude Include="include\KHR\khrplatform.h">
      <Filter>include\KHR</Filter>
    </ClInclude>
    <ClInclude Include="src\math\complex.h">
      <Filter>src\math</Filter>
    </ClInclude>
    <ClInclude Include="src\math\constants.h">
      <Filter>src\math</Filter>
    </ClInclude>
    <ClInclude Include="src\math\integer.h">
      <Filter>src\math</Filter>
    </ClInclude>
    <ClInclude Include="src\math\integer2.h">
      <Filter>src\math</Filter>
    </ClInclude>
    <ClInclude Include="src\math\integer3.h">
      <Filter>src\math</Filter>
    </ClInclude>
    <ClInclude Include="src\math\integer4.h">
      <Filter>src\math</Filter>
    </ClInclude>
    <ClInclude Include="src\math\mathematics.h">
      <Filter>src\math</Filter>
    </ClInclude>
    <ClInclude Include="src\math\mcommonutil.h">
      <Filter>src\math</Filter>
    </ClInclude>
    <ClInclude Include="src\math\mconfig.h">
      <Filter>src\math</Filter>
    </ClInclude>
    <ClInclude Include="src\math\mfrontutil.h">
      <Filter>src\math</Filter>
    </ClInclude>
    <ClInclude Include="src\math\natural.h">
      <Filter>src\math</Filter>
    </ClInclude>
    <ClInclude Include="src\math\natural2.h">
      <Filter>src\math</Filter>
    </ClInclude>
    <ClInclude Include="src\math\natural3.h">
      <Filter>src\math</Filter>
    </ClInclude>
    <ClInclude Include="src\math\natural4.h">
      <Filter>src\math</Filter>
    </ClInclude>
    <ClInclude Include="src\math\quaternion.h">
      <Filter>src\math</Filter>
    </ClInclude>
    <ClInclude Include="src\math\real.h">
      <Filter>src\math</Filter>
    </ClInclude>
    <ClInclude Include="src\math\real2.h">
      <Filter>src\math</Filter>
    </ClInclude>
    <ClInclude Include="src\math\real2x2.h">
      <Filter>src\math</Filter>
    </ClInclude>
    <ClInclude Include="src\math\real2x3.h">
      <Filter>src\math</Filter>
    </ClInclude>
    <ClInclude Include="src\math\real2x4.h">
      <Filter>src\math</Filter>
    </ClInclude>
    <ClInclude Include="src\math\real3.h">
      <Filter>src\math</Filter>
    </ClInclude>
    <ClInclude Include="src\math\real3x2.h">
      <Filter>src\math</Filter>
    </ClInclude>
    <ClInclude Include="src\math\real3x3.h">
      <Filter>src\math</Filter>
    </ClInclude>
    <ClInclude Include="src\math\real3x4.h">
      <Filter>src\math</Filter>
    </ClInclude>
    <ClInclude Include="src\math\real4.h">
      <Filter>src\math</Filter>
    </ClInclude>
    <ClInclude Include="src\math\real4x2.h">
      <Filter>src\math</Filter>
    </ClInclude>
    <ClInclude Include="src\math\real4x3.h">
      <Filter>src\math</Filter>
    </ClInclude>
    <ClInclude Include="src\math\real4x4.h">
      <Filter>src\math</Filter>
    </ClInclude>
    <ClInclude Include="src\math\rmultiply.h">
      <Filter>src\math</Filter>
    </ClInclude>
    <ClInclude Include="src\objects\ECE_Camera.h">
      <Filter>src\objects</Filter>
    </ClInclude>
    <ClInclude Include="src\objects\ECE_Ghost.h">
      <Filter>src\objects</Filter>
    </ClInclude>
    <ClInclude Include="src\objects\ECE_Pacman.h">
      <Filter>src\objects</Filter>
    </ClInclude>
    <ClInclude Include="src\objects\ECE_Map.h">
      <Filter>src\objects</Filter>
    </ClInclude>
  </ItemGroup>
  <ItemGroup>
    <ClCompile Include="src\math\complex.cpp">
      <Filter>src\math</Filter>
    </ClCompile>
    <ClCompile Include="src\math\constants.cpp">
      <Filter>src\math</Filter>
    </ClCompile>
    <ClCompile Include="src\math\integer2.cpp">
      <Filter>src\math</Filter>
    </ClCompile>
    <ClCompile Include="src\math\integer3.cpp">
      <Filter>src\math</Filter>
    </ClCompile>
    <ClCompile Include="src\math\integer4.cpp">
      <Filter>src\math</Filter>
    </ClCompile>
    <ClCompile Include="src\math\mcommonutil.cpp">
      <Filter>src\math</Filter>
    </ClCompile>
    <ClCompile Include="src\math\mfrontutil.cpp">
      <Filter>src\math</Filter>
    </ClCompile>
    <ClCompile Include="src\math\natural2.cpp">
      <Filter>src\math</Filter>
    </ClCompile>
    <ClCompile Include="src\math\natural3.cpp">
      <Filter>src\math</Filter>
    </ClCompile>
    <ClCompile Include="src\math\natural4.cpp">
      <Filter>src\math</Filter>
    </ClCompile>
    <ClCompile Include="src\math\quaternion.cpp">
      <Filter>src\math</Filter>
    </ClCompile>
    <ClCompile Include="src\math\real.cpp">
      <Filter>src\math</Filter>
    </ClCompile>
    <ClCompile Include="src\math\real2.cpp">
      <Filter>src\math</Filter>
    </ClCompile>
    <ClCompile Include="src\math\real2x2.cpp">
      <Filter>src\math</Filter>
    </ClCompile>
    <ClCompile Include="src\math\real2x3.cpp">
      <Filter>src\math</Filter>
    </ClCompile>
    <ClCompile Include="src\math\real2x4.cpp">
      <Filter>src\math</Filter>
    </ClCompile>
    <ClCompile Include="src\math\real3.cpp">
      <Filter>src\math</Filter>
    </ClCompile>
    <ClCompile Include="src\math\real3x2.cpp">
      <Filter>src\math</Filter>
    </ClCompile>
    <ClCompile Include="src\math\real3x3.cpp">
      <Filter>src\math</Filter>
    </ClCompile>
    <ClCompile Include="src\math\real3x4.cpp">
      <Filter>src\math</Filter>
    </ClCompile>
    <ClCompile Include="src\math\real4.cpp">
      <Filter>src\math</Filter>
    </ClCompile>
    <ClCompile Include="src\math\real4x2.cpp">
      <Filter>src\math</Filter>
    </ClCompile>
    <ClCompile Include="src\math\real4x3.cpp">
      <Filter>src\math</Filter>
    </ClCompile>
    <ClCompile Include="src\math\real4x4.cpp">
      <Filter>src\math</Filter>
    </ClCompile>
    <ClCompile Include="src\math\rmultiply.cpp">
      <Filter>src\math</Filter>
    </ClCompile>
    <ClCompile Include="src\objects\ECE_Camera.cpp">
      <Filter>src\objects</Filter>
    </ClCompile>
    <ClCompile Include="src\objects\ECE_Ghost.cpp">
      <Filter>src\objects</Filter>
    </ClCompile>
    <ClCompile Include="src\objects\ECE_Pacman.cpp">
      <Filter>src\objects</Filter>
    </ClCompile>
    <ClCompile Include="main.cpp" />
    <ClCompile Include="src\objects\ECE_Map.cpp">
      <Filter>src\objects</Filter>
    </ClCompile>
  </ItemGroup>
</Project>